<?xml version="1.0" encoding="utf-8"?>
<Project ToolsVersion="4.0" xmlns="http://schemas.microsoft.com/developer/msbuild/2003">
  <ItemGroup>
    <ClCompile Include="Main.cpp" />
    <ClCompile Include="Utility\Allocators\BasicAllocator.cpp" />
    <ClCompile Include="Utility\Allocators\LinearAllocator.cpp" />
    <ClCompile Include="Utility\Allocators\MemoryAllocator.cpp" />
    <ClCompile Include="Utility\Allocators\StackAllocator.cpp" />
    <ClCompile Include="Utility\Console\Console.cpp" />
    <ClCompile Include="Utility\String\String.cpp" />
    <ClCompile Include="Utility\ThirdParty\TinyXML\tinyxml2.cpp" />
    <ClCompile Include="Utility\Utility\DynLib.cpp" />
    <ClCompile Include="Utility\Utility\DynLibManager.cpp" />
    <ClCompile Include="Utility\Utility\Time.cpp" />
    <ClCompile Include="Utility\Utility\Timer.cpp" />
    <ClCompile Include="Core\CoreApplication.cpp" />
    <ClCompile Include="Utility\ThirdParty\DDSTextureLoader\DDSTextureLoader.cpp" />
  </ItemGroup>
  <ItemGroup>
    <ClInclude Include="Utility\Allocators\BasicAllocator.h" />
    <ClInclude Include="Utility\Allocators\LinearAllocator.h" />
    <ClInclude Include="Utility\Allocators\MemoryAllocator.h" />
    <ClInclude Include="Utility\Allocators\PoolAllocator.h" />
    <ClInclude Include="Utility\Allocators\StackAllocator.h" />
    <ClInclude Include="Utility\Console\Console.h" />
    <ClInclude Include="Utility\Debug\Debug.h" />
    <ClInclude Include="Utility\Error\Error.h" />
    <ClInclude Include="Utility\Error\Exception.h" />
    <ClInclude Include="Utility\Prerequisites\FwdDeclUtil.h" />
    <ClInclude Include="Utility\Prerequisites\PlatformDefines.h" />
    <ClInclude Include="Utility\Prerequisites\PrerequisitesUtil.h" />
    <ClInclude Include="Utility\Prerequisites\StdHeaders.h" />
    <ClInclude Include="Utility\Prerequisites\Types.h" />
    <ClInclude Include="Utility\String\String.h" />
    <ClInclude Include="Utility\ThirdParty\Assimp\include\assimp\Compiler\poppack1.h" />
    <ClInclude Include="Utility\ThirdParty\Assimp\include\assimp\Compiler\pstdint.h" />
    <ClInclude Include="Utility\ThirdParty\Assimp\include\assimp\Compiler\pushpack1.h" />
    <ClInclude Include="Utility\ThirdParty\Assimp\include\assimp\port\AndroidJNI\AndroidJNIIOSystem.h" />
    <ClInclude Include="Utility\ThirdParty\Assimp\include\assimp\ai_assert.h" />
    <ClInclude Include="Utility\ThirdParty\Assimp\include\assimp\anim.h" />
    <ClInclude Include="Utility\ThirdParty\Assimp\include\assimp\camera.h" />
    <ClInclude Include="Utility\ThirdParty\Assimp\include\assimp\cexport.h" />
    <ClInclude Include="Utility\ThirdParty\Assimp\include\assimp\cfileio.h" />
    <ClInclude Include="Utility\ThirdParty\Assimp\include\assimp\cimport.h" />
    <ClInclude Include="Utility\ThirdParty\Assimp\include\assimp\color4.h" />
    <ClInclude Include="Utility\ThirdParty\Assimp\include\assimp\config.h" />
    <ClInclude Include="Utility\ThirdParty\Assimp\include\assimp\DefaultLogger.hpp" />
    <ClInclude Include="Utility\ThirdParty\Assimp\include\assimp\defs.h" />
    <ClInclude Include="Utility\ThirdParty\Assimp\include\assimp\Exporter.hpp" />
    <ClInclude Include="Utility\ThirdParty\Assimp\include\assimp\Importer.hpp" />
    <ClInclude Include="Utility\ThirdParty\Assimp\include\assimp\importerdesc.h" />
    <ClInclude Include="Utility\ThirdParty\Assimp\include\assimp\IOStream.hpp" />
    <ClInclude Include="Utility\ThirdParty\Assimp\include\assimp\IOSystem.hpp" />
    <ClInclude Include="Utility\ThirdParty\Assimp\include\assimp\light.h" />
    <ClInclude Include="Utility\ThirdParty\Assimp\include\assimp\Logger.hpp" />
    <ClInclude Include="Utility\ThirdParty\Assimp\include\assimp\LogStream.hpp" />
    <ClInclude Include="Utility\ThirdParty\Assimp\include\assimp\material.h" />
    <ClInclude Include="Utility\ThirdParty\Assimp\include\assimp\matrix3x3.h" />
    <ClInclude Include="Utility\ThirdParty\Assimp\include\assimp\matrix4x4.h" />
    <ClInclude Include="Utility\ThirdParty\Assimp\include\assimp\mesh.h" />
    <ClInclude Include="Utility\ThirdParty\Assimp\include\assimp\metadata.h" />
    <ClInclude Include="Utility\ThirdParty\Assimp\include\assimp\NullLogger.hpp" />
    <ClInclude Include="Utility\ThirdParty\Assimp\include\assimp\postprocess.h" />
    <ClInclude Include="Utility\ThirdParty\Assimp\include\assimp\ProgressHandler.hpp" />
    <ClInclude Include="Utility\ThirdParty\Assimp\include\assimp\quaternion.h" />
    <ClInclude Include="Utility\ThirdParty\Assimp\include\assimp\scene.h" />
    <ClInclude Include="Utility\ThirdParty\Assimp\include\assimp\texture.h" />
    <ClInclude Include="Utility\ThirdParty\Assimp\include\assimp\types.h" />
    <ClInclude Include="Utility\ThirdParty\Assimp\include\assimp\vector2.h" />
    <ClInclude Include="Utility\ThirdParty\Assimp\include\assimp\vector3.h" />
    <ClInclude Include="Utility\ThirdParty\Assimp\include\assimp\version.h" />
    <ClInclude Include="Utility\ThirdParty\Json\Json.h" />
    <ClInclude Include="Utility\ThirdParty\TinyXML\tinyxml2.h" />
    <ClInclude Include="Utility\Threading\Threading.h" />
    <ClInclude Include="Utility\Utility\DynLib.h" />
    <ClInclude Include="Utility\Utility\DynLibManager.h" />
    <ClInclude Include="Utility\Utility\Module.h" />
    <ClInclude Include="Utility\Utility\NonCopyable.h" />
    <ClInclude Include="Utility\Utility\Time.h" />
    <ClInclude Include="Utility\Utility\Timer.h" />
    <ClInclude Include="Core\CoreApplication.h" />
    <ClInclude Include="Core\CorePrerequisites.h" />
    <ClInclude Include="Utility\ThirdParty\DDSTextureLoader\DDSTextureLoader.h" />
  </ItemGroup>
  <ItemGroup>
    <None Include="Utility\ThirdParty\Assimp\include\assimp\color4.inl" />
    <None Include="Utility\ThirdParty\Assimp\include\assimp\material.inl" />
    <None Include="Utility\ThirdParty\Assimp\include\assimp\matrix3x3.inl" />
    <None Include="Utility\ThirdParty\Assimp\include\assimp\matrix4x4.inl" />
    <None Include="Utility\ThirdParty\Assimp\include\assimp\quaternion.inl" />
    <None Include="Utility\ThirdParty\Assimp\include\assimp\vector2.inl" />
    <None Include="Utility\ThirdParty\Assimp\include\assimp\vector3.inl" />
  </ItemGroup>
</Project>